
Microsoft Visual Studio Solution File, Format Version 12.00
# Visual Studio 14
VisualStudioVersion = 14.0.25420.1
MinimumVisualStudioVersion = 10.0.40219.1
Project("{FAE04EC0-301F-11D3-BF4B-00C04F79EFBC}") = "AbstractFactory", "AbstractFactory\AbstractFactory.csproj", "{167B339D-B436-4F80-AF1D-78EB6269BDE4}"
EndProject
Project("{FAE04EC0-301F-11D3-BF4B-00C04F79EFBC}") = "BuilderDesignPattern", "BuilderDesignPattern\BuilderDesignPattern.csproj", "{392840EC-FE34-4428-A30D-ED37DCDE4013}"
EndProject
Project("{FAE04EC0-301F-11D3-BF4B-00C04F79EFBC}") = "FactoryMethodDesignPattern", "FactoryMethodDesignPattern\FactoryMethodDesignPattern.csproj", "{1B9B0595-9734-441F-B5B1-BF82F2063CC5}"
EndProject
Project("{FAE04EC0-301F-11D3-BF4B-00C04F79EFBC}") = "PrototypeDP", "PrototypeDP\PrototypeDP.csproj", "{1BFEAB02-42A6-4CF7-9C39-A635D197CB50}"
EndProject
Project("{FAE04EC0-301F-11D3-BF4B-00C04F79EFBC}") = "SingletonDP", "SingletonDP\SingletonDP.csproj", "{47461A82-C7AC-40F9-834F-2198FABEB4E7}"
EndProject
Project("{FAE04EC0-301F-11D3-BF4B-00C04F79EFBC}") = "AdapterPattern", "AdapterPattern\AdapterPattern.csproj", "{5BC5A6AD-7FBA-42E8-B986-E5229D808543}"
EndProject
Project("{FAE04EC0-301F-11D3-BF4B-00C04F79EFBC}") = "BridgeDP", "BridgeDP\BridgeDP.csproj", "{F8A2F330-7CB4-4E9C-8BB7-C700EBCFD41B}"
EndProject
Project("{2150E333-8FDC-42A3-9474-1A3956D46DE8}") = "Creational Patterns", "Creational Patterns", "{59E8C62B-C534-45E5-8BDC-BAF3239FEF67}"
EndProject
Project("{2150E333-8FDC-42A3-9474-1A3956D46DE8}") = "Structural Patterns", "Structural Patterns", "{C0A2BCC8-6096-49F8-B177-65F0623CA232}"
EndProject
Project("{FAE04EC0-301F-11D3-BF4B-00C04F79EFBC}") = "CompositeDP", "CompositeDP\CompositeDP.csproj", "{6610049F-820E-420C-A71B-EDA3F76F7968}"
EndProject
Project("{FAE04EC0-301F-11D3-BF4B-00C04F79EFBC}") = "DecoratorDP", "DecoratorDP\DecoratorDP.csproj", "{A07EB27F-286A-4A1D-9EB2-1E1E24CE13A3}"
EndProject
Project("{FAE04EC0-301F-11D3-BF4B-00C04F79EFBC}") = "FacadeDP", "FacadeDP\FacadeDP.csproj", "{2B078074-A101-4DD1-A933-0831E9D510D7}"
EndProject
Project("{FAE04EC0-301F-11D3-BF4B-00C04F79EFBC}") = "FlyweightDP", "FlyweightDP\FlyweightDP.csproj", "{093039E9-3A7B-4C0A-BFB3-8E233F5054C3}"
EndProject
Project("{FAE04EC0-301F-11D3-BF4B-00C04F79EFBC}") = "Proxy", "Proxy\Proxy.csproj", "{B5A6C771-74CE-4A42-A9DE-8165141FB663}"
EndProject
Project("{2150E333-8FDC-42A3-9474-1A3956D46DE8}") = "Behavioral Patterns", "Behavioral Patterns", "{85D2DB79-0C9D-437B-9992-F6BEC69A14F4}"
EndProject
Project("{FAE04EC0-301F-11D3-BF4B-00C04F79EFBC}") = "ChainOfResponsibility", "ChainOfResponsibility\ChainOfResponsibility.csproj", "{956A7C4C-50DE-4924-93B2-A58D2235AFC2}"
EndProject
Project("{FAE04EC0-301F-11D3-BF4B-00C04F79EFBC}") = "CommandDP", "CommandDP\CommandDP.csproj", "{4DAB4D4D-E35D-4506-B5EC-CFCDAA51931B}"
EndProject
Project("{FAE04EC0-301F-11D3-BF4B-00C04F79EFBC}") = "InterpreterDP", "InterpreterDP\InterpreterDP.csproj", "{92B9C5BF-7ACB-442F-A123-BDBDD5E2DEAC}"
EndProject
Project("{FAE04EC0-301F-11D3-BF4B-00C04F79EFBC}") = "IteratorDP", "IteratorDP\IteratorDP.csproj", "{4EDD696A-4509-410F-A7B6-1AF760C2FEE3}"
EndProject
Project("{FAE04EC0-301F-11D3-BF4B-00C04F79EFBC}") = "MediatorDP", "MediatorDP\MediatorDP.csproj", "{85D76735-60CC-44F1-8350-3712DFEDC940}"
EndProject
Project("{FAE04EC0-301F-11D3-BF4B-00C04F79EFBC}") = "MementoDP", "MementoDP\MementoDP.csproj", "{334ACC9E-FEEA-4B2A-AD0D-99AB0C9068DE}"
EndProject
Project("{FAE04EC0-301F-11D3-BF4B-00C04F79EFBC}") = "ObserverDP", "ObserverDP\ObserverDP.csproj", "{CB3EB573-7FB2-4346-BDE0-98291FDBB7C2}"
EndProject
Project("{FAE04EC0-301F-11D3-BF4B-00C04F79EFBC}") = "StateDP", "StateDP\StateDP.csproj", "{ED69CE52-9395-4A97-A628-3ACE7FB3DDDA}"
EndProject
Project("{FAE04EC0-301F-11D3-BF4B-00C04F79EFBC}") = "StrategyDP", "StrategyDP\StrategyDP.csproj", "{B5BDD5D1-9824-4E1B-BB24-2DA149387419}"
EndProject
Project("{FAE04EC0-301F-11D3-BF4B-00C04F79EFBC}") = "TemplateMethod", "TemplateMethod\TemplateMethod.csproj", "{4C26D6F8-038D-43F6-A6CF-1B52F9418170}"
EndProject
Project("{FAE04EC0-301F-11D3-BF4B-00C04F79EFBC}") = "VisitorDP", "VisitorDP\VisitorDP.csproj", "{600A5910-2D51-4D9E-965A-2E02A445DF77}"
EndProject
Global
	GlobalSection(SolutionConfigurationPlatforms) = preSolution
		Debug|Any CPU = Debug|Any CPU
		Release|Any CPU = Release|Any CPU
	EndGlobalSection
	GlobalSection(ProjectConfigurationPlatforms) = postSolution
		{167B339D-B436-4F80-AF1D-78EB6269BDE4}.Debug|Any CPU.ActiveCfg = Debug|Any CPU
		{167B339D-B436-4F80-AF1D-78EB6269BDE4}.Debug|Any CPU.Build.0 = Debug|Any CPU
		{167B339D-B436-4F80-AF1D-78EB6269BDE4}.Release|Any CPU.ActiveCfg = Release|Any CPU
		{167B339D-B436-4F80-AF1D-78EB6269BDE4}.Release|Any CPU.Build.0 = Release|Any CPU
		{392840EC-FE34-4428-A30D-ED37DCDE4013}.Debug|Any CPU.ActiveCfg = Debug|Any CPU
		{392840EC-FE34-4428-A30D-ED37DCDE4013}.Debug|Any CPU.Build.0 = Debug|Any CPU
		{392840EC-FE34-4428-A30D-ED37DCDE4013}.Release|Any CPU.ActiveCfg = Release|Any CPU
		{392840EC-FE34-4428-A30D-ED37DCDE4013}.Release|Any CPU.Build.0 = Release|Any CPU
		{1B9B0595-9734-441F-B5B1-BF82F2063CC5}.Debug|Any CPU.ActiveCfg = Debug|Any CPU
		{1B9B0595-9734-441F-B5B1-BF82F2063CC5}.Debug|Any CPU.Build.0 = Debug|Any CPU
		{1B9B0595-9734-441F-B5B1-BF82F2063CC5}.Release|Any CPU.ActiveCfg = Release|Any CPU
		{1B9B0595-9734-441F-B5B1-BF82F2063CC5}.Release|Any CPU.Build.0 = Release|Any CPU
		{1BFEAB02-42A6-4CF7-9C39-A635D197CB50}.Debug|Any CPU.ActiveCfg = Debug|Any CPU
		{1BFEAB02-42A6-4CF7-9C39-A635D197CB50}.Debug|Any CPU.Build.0 = Debug|Any CPU
		{1BFEAB02-42A6-4CF7-9C39-A635D197CB50}.Release|Any CPU.ActiveCfg = Release|Any CPU
		{1BFEAB02-42A6-4CF7-9C39-A635D197CB50}.Release|Any CPU.Build.0 = Release|Any CPU
		{47461A82-C7AC-40F9-834F-2198FABEB4E7}.Debug|Any CPU.ActiveCfg = Debug|Any CPU
		{47461A82-C7AC-40F9-834F-2198FABEB4E7}.Debug|Any CPU.Build.0 = Debug|Any CPU
		{47461A82-C7AC-40F9-834F-2198FABEB4E7}.Release|Any CPU.ActiveCfg = Release|Any CPU
		{47461A82-C7AC-40F9-834F-2198FABEB4E7}.Release|Any CPU.Build.0 = Release|Any CPU
		{5BC5A6AD-7FBA-42E8-B986-E5229D808543}.Debug|Any CPU.ActiveCfg = Debug|Any CPU
		{5BC5A6AD-7FBA-42E8-B986-E5229D808543}.Debug|Any CPU.Build.0 = Debug|Any CPU
		{5BC5A6AD-7FBA-42E8-B986-E5229D808543}.Release|Any CPU.ActiveCfg = Release|Any CPU
		{5BC5A6AD-7FBA-42E8-B986-E5229D808543}.Release|Any CPU.Build.0 = Release|Any CPU
		{F8A2F330-7CB4-4E9C-8BB7-C700EBCFD41B}.Debug|Any CPU.ActiveCfg = Debug|Any CPU
		{F8A2F330-7CB4-4E9C-8BB7-C700EBCFD41B}.Debug|Any CPU.Build.0 = Debug|Any CPU
		{F8A2F330-7CB4-4E9C-8BB7-C700EBCFD41B}.Release|Any CPU.ActiveCfg = Release|Any CPU
		{F8A2F330-7CB4-4E9C-8BB7-C700EBCFD41B}.Release|Any CPU.Build.0 = Release|Any CPU
		{6610049F-820E-420C-A71B-EDA3F76F7968}.Debug|Any CPU.ActiveCfg = Debug|Any CPU
		{6610049F-820E-420C-A71B-EDA3F76F7968}.Debug|Any CPU.Build.0 = Debug|Any CPU
		{6610049F-820E-420C-A71B-EDA3F76F7968}.Release|Any CPU.ActiveCfg = Release|Any CPU
		{6610049F-820E-420C-A71B-EDA3F76F7968}.Release|Any CPU.Build.0 = Release|Any CPU
		{A07EB27F-286A-4A1D-9EB2-1E1E24CE13A3}.Debug|Any CPU.ActiveCfg = Debug|Any CPU
		{A07EB27F-286A-4A1D-9EB2-1E1E24CE13A3}.Debug|Any CPU.Build.0 = Debug|Any CPU
		{A07EB27F-286A-4A1D-9EB2-1E1E24CE13A3}.Release|Any CPU.ActiveCfg = Release|Any CPU
		{A07EB27F-286A-4A1D-9EB2-1E1E24CE13A3}.Release|Any CPU.Build.0 = Release|Any CPU
		{2B078074-A101-4DD1-A933-0831E9D510D7}.Debug|Any CPU.ActiveCfg = Debug|Any CPU
		{2B078074-A101-4DD1-A933-0831E9D510D7}.Debug|Any CPU.Build.0 = Debug|Any CPU
		{2B078074-A101-4DD1-A933-0831E9D510D7}.Release|Any CPU.ActiveCfg = Release|Any CPU
		{2B078074-A101-4DD1-A933-0831E9D510D7}.Release|Any CPU.Build.0 = Release|Any CPU
		{093039E9-3A7B-4C0A-BFB3-8E233F5054C3}.Debug|Any CPU.ActiveCfg = Debug|Any CPU
		{093039E9-3A7B-4C0A-BFB3-8E233F5054C3}.Debug|Any CPU.Build.0 = Debug|Any CPU
		{093039E9-3A7B-4C0A-BFB3-8E233F5054C3}.Release|Any CPU.ActiveCfg = Release|Any CPU
		{093039E9-3A7B-4C0A-BFB3-8E233F5054C3}.Release|Any CPU.Build.0 = Release|Any CPU
		{B5A6C771-74CE-4A42-A9DE-8165141FB663}.Debug|Any CPU.ActiveCfg = Debug|Any CPU
		{B5A6C771-74CE-4A42-A9DE-8165141FB663}.Debug|Any CPU.Build.0 = Debug|Any CPU
		{B5A6C771-74CE-4A42-A9DE-8165141FB663}.Release|Any CPU.ActiveCfg = Release|Any CPU
		{B5A6C771-74CE-4A42-A9DE-8165141FB663}.Release|Any CPU.Build.0 = Release|Any CPU
		{956A7C4C-50DE-4924-93B2-A58D2235AFC2}.Debug|Any CPU.ActiveCfg = Debug|Any CPU
		{956A7C4C-50DE-4924-93B2-A58D2235AFC2}.Debug|Any CPU.Build.0 = Debug|Any CPU
		{956A7C4C-50DE-4924-93B2-A58D2235AFC2}.Release|Any CPU.ActiveCfg = Release|Any CPU
		{956A7C4C-50DE-4924-93B2-A58D2235AFC2}.Release|Any CPU.Build.0 = Release|Any CPU
		{4DAB4D4D-E35D-4506-B5EC-CFCDAA51931B}.Debug|Any CPU.ActiveCfg = Debug|Any CPU
		{4DAB4D4D-E35D-4506-B5EC-CFCDAA51931B}.Debug|Any CPU.Build.0 = Debug|Any CPU
		{4DAB4D4D-E35D-4506-B5EC-CFCDAA51931B}.Release|Any CPU.ActiveCfg = Release|Any CPU
		{4DAB4D4D-E35D-4506-B5EC-CFCDAA51931B}.Release|Any CPU.Build.0 = Release|Any CPU
		{92B9C5BF-7ACB-442F-A123-BDBDD5E2DEAC}.Debug|Any CPU.ActiveCfg = Debug|Any CPU
		{92B9C5BF-7ACB-442F-A123-BDBDD5E2DEAC}.Debug|Any CPU.Build.0 = Debug|Any CPU
		{92B9C5BF-7ACB-442F-A123-BDBDD5E2DEAC}.Release|Any CPU.ActiveCfg = Release|Any CPU
		{92B9C5BF-7ACB-442F-A123-BDBDD5E2DEAC}.Release|Any CPU.Build.0 = Release|Any CPU
		{4EDD696A-4509-410F-A7B6-1AF760C2FEE3}.Debug|Any CPU.ActiveCfg = Debug|Any CPU
		{4EDD696A-4509-410F-A7B6-1AF760C2FEE3}.Debug|Any CPU.Build.0 = Debug|Any CPU
		{4EDD696A-4509-410F-A7B6-1AF760C2FEE3}.Release|Any CPU.ActiveCfg = Release|Any CPU
		{4EDD696A-4509-410F-A7B6-1AF760C2FEE3}.Release|Any CPU.Build.0 = Release|Any CPU
		{85D76735-60CC-44F1-8350-3712DFEDC940}.Debug|Any CPU.ActiveCfg = Debug|Any CPU
		{85D76735-60CC-44F1-8350-3712DFEDC940}.Debug|Any CPU.Build.0 = Debug|Any CPU
		{85D76735-60CC-44F1-8350-3712DFEDC940}.Release|Any CPU.ActiveCfg = Release|Any CPU
		{85D76735-60CC-44F1-8350-3712DFEDC940}.Release|Any CPU.Build.0 = Release|Any CPU
		{334ACC9E-FEEA-4B2A-AD0D-99AB0C9068DE}.Debug|Any CPU.ActiveCfg = Debug|Any CPU
		{334ACC9E-FEEA-4B2A-AD0D-99AB0C9068DE}.Debug|Any CPU.Build.0 = Debug|Any CPU
		{334ACC9E-FEEA-4B2A-AD0D-99AB0C9068DE}.Release|Any CPU.ActiveCfg = Release|Any CPU
		{334ACC9E-FEEA-4B2A-AD0D-99AB0C9068DE}.Release|Any CPU.Build.0 = Release|Any CPU
		{CB3EB573-7FB2-4346-BDE0-98291FDBB7C2}.Debug|Any CPU.ActiveCfg = Debug|Any CPU
		{CB3EB573-7FB2-4346-BDE0-98291FDBB7C2}.Debug|Any CPU.Build.0 = Debug|Any CPU
		{CB3EB573-7FB2-4346-BDE0-98291FDBB7C2}.Release|Any CPU.ActiveCfg = Release|Any CPU
		{CB3EB573-7FB2-4346-BDE0-98291FDBB7C2}.Release|Any CPU.Build.0 = Release|Any CPU
		{ED69CE52-9395-4A97-A628-3ACE7FB3DDDA}.Debug|Any CPU.ActiveCfg = Debug|Any CPU
		{ED69CE52-9395-4A97-A628-3ACE7FB3DDDA}.Debug|Any CPU.Build.0 = Debug|Any CPU
		{ED69CE52-9395-4A97-A628-3ACE7FB3DDDA}.Release|Any CPU.ActiveCfg = Release|Any CPU
		{ED69CE52-9395-4A97-A628-3ACE7FB3DDDA}.Release|Any CPU.Build.0 = Release|Any CPU
		{B5BDD5D1-9824-4E1B-BB24-2DA149387419}.Debug|Any CPU.ActiveCfg = Debug|Any CPU
		{B5BDD5D1-9824-4E1B-BB24-2DA149387419}.Debug|Any CPU.Build.0 = Debug|Any CPU
		{B5BDD5D1-9824-4E1B-BB24-2DA149387419}.Release|Any CPU.ActiveCfg = Release|Any CPU
		{B5BDD5D1-9824-4E1B-BB24-2DA149387419}.Release|Any CPU.Build.0 = Release|Any CPU
		{4C26D6F8-038D-43F6-A6CF-1B52F9418170}.Debug|Any CPU.ActiveCfg = Debug|Any CPU
		{4C26D6F8-038D-43F6-A6CF-1B52F9418170}.Debug|Any CPU.Build.0 = Debug|Any CPU
		{4C26D6F8-038D-43F6-A6CF-1B52F9418170}.Release|Any CPU.ActiveCfg = Release|Any CPU
		{4C26D6F8-038D-43F6-A6CF-1B52F9418170}.Release|Any CPU.Build.0 = Release|Any CPU
		{600A5910-2D51-4D9E-965A-2E02A445DF77}.Debug|Any CPU.ActiveCfg = Debug|Any CPU
		{600A5910-2D51-4D9E-965A-2E02A445DF77}.Debug|Any CPU.Build.0 = Debug|Any CPU
		{600A5910-2D51-4D9E-965A-2E02A445DF77}.Release|Any CPU.ActiveCfg = Release|Any CPU
		{600A5910-2D51-4D9E-965A-2E02A445DF77}.Release|Any CPU.Build.0 = Release|Any CPU
	EndGlobalSection
	GlobalSection(SolutionProperties) = preSolution
		HideSolutionNode = FALSE
	EndGlobalSection
	GlobalSection(NestedProjects) = preSolution
		{167B339D-B436-4F80-AF1D-78EB6269BDE4} = {59E8C62B-C534-45E5-8BDC-BAF3239FEF67}
		{392840EC-FE34-4428-A30D-ED37DCDE4013} = {59E8C62B-C534-45E5-8BDC-BAF3239FEF67}
		{1B9B0595-9734-441F-B5B1-BF82F2063CC5} = {59E8C62B-C534-45E5-8BDC-BAF3239FEF67}
		{1BFEAB02-42A6-4CF7-9C39-A635D197CB50} = {59E8C62B-C534-45E5-8BDC-BAF3239FEF67}
		{47461A82-C7AC-40F9-834F-2198FABEB4E7} = {59E8C62B-C534-45E5-8BDC-BAF3239FEF67}
		{5BC5A6AD-7FBA-42E8-B986-E5229D808543} = {C0A2BCC8-6096-49F8-B177-65F0623CA232}
		{F8A2F330-7CB4-4E9C-8BB7-C700EBCFD41B} = {C0A2BCC8-6096-49F8-B177-65F0623CA232}
		{6610049F-820E-420C-A71B-EDA3F76F7968} = {C0A2BCC8-6096-49F8-B177-65F0623CA232}
		{A07EB27F-286A-4A1D-9EB2-1E1E24CE13A3} = {C0A2BCC8-6096-49F8-B177-65F0623CA232}
		{2B078074-A101-4DD1-A933-0831E9D510D7} = {C0A2BCC8-6096-49F8-B177-65F0623CA232}
		{093039E9-3A7B-4C0A-BFB3-8E233F5054C3} = {C0A2BCC8-6096-49F8-B177-65F0623CA232}
		{B5A6C771-74CE-4A42-A9DE-8165141FB663} = {C0A2BCC8-6096-49F8-B177-65F0623CA232}
		{956A7C4C-50DE-4924-93B2-A58D2235AFC2} = {85D2DB79-0C9D-437B-9992-F6BEC69A14F4}
		{4DAB4D4D-E35D-4506-B5EC-CFCDAA51931B} = {85D2DB79-0C9D-437B-9992-F6BEC69A14F4}
		{92B9C5BF-7ACB-442F-A123-BDBDD5E2DEAC} = {85D2DB79-0C9D-437B-9992-F6BEC69A14F4}
		{4EDD696A-4509-410F-A7B6-1AF760C2FEE3} = {85D2DB79-0C9D-437B-9992-F6BEC69A14F4}
		{85D76735-60CC-44F1-8350-3712DFEDC940} = {85D2DB79-0C9D-437B-9992-F6BEC69A14F4}
		{334ACC9E-FEEA-4B2A-AD0D-99AB0C9068DE} = {85D2DB79-0C9D-437B-9992-F6BEC69A14F4}
		{CB3EB573-7FB2-4346-BDE0-98291FDBB7C2} = {85D2DB79-0C9D-437B-9992-F6BEC69A14F4}
		{ED69CE52-9395-4A97-A628-3ACE7FB3DDDA} = {85D2DB79-0C9D-437B-9992-F6BEC69A14F4}
		{B5BDD5D1-9824-4E1B-BB24-2DA149387419} = {85D2DB79-0C9D-437B-9992-F6BEC69A14F4}
		{4C26D6F8-038D-43F6-A6CF-1B52F9418170} = {85D2DB79-0C9D-437B-9992-F6BEC69A14F4}
		{600A5910-2D51-4D9E-965A-2E02A445DF77} = {85D2DB79-0C9D-437B-9992-F6BEC69A14F4}
	EndGlobalSection
EndGlobal
